
Microsoft Visual Studio Solution File, Format Version 12.00
# Visual Studio Version 16
VisualStudioVersion = 16.0.30011.22
MinimumVisualStudioVersion = 10.0.40219.1
Project("{FAE04EC0-301F-11D3-BF4B-00C04F79EFBC}") = "WebApi", "WebApi\WebApi.csproj", "{655C2D0C-A2E6-46B4-8D20-BA30C3702C59}"
EndProject
Global
	GlobalSection(SolutionConfigurationPlatforms) = preSolution
		Debug|Any CPU = Debug|Any CPU
		Release|Any CPU = Release|Any CPU
	EndGlobalSection
	GlobalSection(ProjectConfigurationPlatforms) = postSolution
		{655C2D0C-A2E6-46B4-8D20-BA30C3702C59}.Debug|Any CPU.ActiveCfg = Debug|Any CPU
		{655C2D0C-A2E6-46B4-8D20-BA30C3702C59}.Debug|Any CPU.Build.0 = Debug|Any CPU
		{655C2D0C-A2E6-46B4-8D20-BA30C3702C59}.Release|Any CPU.ActiveCfg = Release|Any CPU
		{655C2D0C-A2E6-46B4-8D20-BA30C3702C59}.Release|Any CPU.Build.0 = Release|Any CPU
	EndGlobalSection
	GlobalSection(SolutionProperties) = preSolution
		HideSolutionNode = FALSE
	EndGlobalSection
	GlobalSection(ExtensibilityGlobals) = postSolution
		SolutionGuid = {74AAFD22-326D-4841-B19E-744BD1DFD092}
	EndGlobalSection
EndGlobal
